// !$*UTF8*$!
{
	archiveVersion = 1;
	classes = {
	};
	objectVersion = 48;
	objects = {

/* Begin PBXBuildFile section */
		236A098EC674142446F46703 /* Pods_whatsThis.framework in Frameworks */ = {isa = PBXBuildFile; fileRef = B7E8A3BAB2CE53546328BFAC /* Pods_whatsThis.framework */; };
		8B84062E1FF372F300AB6F3D /* MainViewController.m in Sources */ = {isa = PBXBuildFile; fileRef = 8B84062D1FF372F300AB6F3D /* MainViewController.m */; };
		8B8406321FF3738C00AB6F3D /* BaseViewController.m in Sources */ = {isa = PBXBuildFile; fileRef = 8B8406311FF3738C00AB6F3D /* BaseViewController.m */; };
		8BECD8EB1FE3582900A7D1CF /* AppDelegate.m in Sources */ = {isa = PBXBuildFile; fileRef = 8BECD8EA1FE3582900A7D1CF /* AppDelegate.m */; };
		8BECD8F31FE3582900A7D1CF /* Assets.xcassets in Resources */ = {isa = PBXBuildFile; fileRef = 8BECD8F21FE3582900A7D1CF /* Assets.xcassets */; };
		8BECD8F91FE3582900A7D1CF /* main.m in Sources */ = {isa = PBXBuildFile; fileRef = 8BECD8F81FE3582900A7D1CF /* main.m */; };
/* End PBXBuildFile section */

/* Begin PBXFileReference section */
		13161A5F752070EA717623A3 /* Pods-whatsThis.release.xcconfig */ = {isa = PBXFileReference; includeInIndex = 1; lastKnownFileType = text.xcconfig; name = "Pods-whatsThis.release.xcconfig"; path = "Pods/Target Support Files/Pods-whatsThis/Pods-whatsThis.release.xcconfig"; sourceTree = "<group>"; };
		13A3E397A2B8811C51B1CA0E /* Pods-whatsThis.debug.xcconfig */ = {isa = PBXFileReference; includeInIndex = 1; lastKnownFileType = text.xcconfig; name = "Pods-whatsThis.debug.xcconfig"; path = "Pods/Target Support Files/Pods-whatsThis/Pods-whatsThis.debug.xcconfig"; sourceTree = "<group>"; };
		8B84062C1FF372F300AB6F3D /* MainViewController.h */ = {isa = PBXFileReference; lastKnownFileType = sourcecode.c.h; path = MainViewController.h; sourceTree = "<group>"; };
		8B84062D1FF372F300AB6F3D /* MainViewController.m */ = {isa = PBXFileReference; lastKnownFileType = sourcecode.c.objc; path = MainViewController.m; sourceTree = "<group>"; };
		8B8406301FF3738C00AB6F3D /* BaseViewController.h */ = {isa = PBXFileReference; lastKnownFileType = sourcecode.c.h; path = BaseViewController.h; sourceTree = "<group>"; };
		8B8406311FF3738C00AB6F3D /* BaseViewController.m */ = {isa = PBXFileReference; lastKnownFileType = sourcecode.c.objc; path = BaseViewController.m; sourceTree = "<group>"; };
		8B8406331FF374E800AB6F3D /* whatsThis.pch */ = {isa = PBXFileReference; lastKnownFileType = sourcecode.c.h; path = whatsThis.pch; sourceTree = "<group>"; };
		8BECD8E61FE3582800A7D1CF /* whatsThis.app */ = {isa = PBXFileReference; explicitFileType = wrapper.application; includeInIndex = 0; path = whatsThis.app; sourceTree = BUILT_PRODUCTS_DIR; };
		8BECD8E91FE3582900A7D1CF /* AppDelegate.h */ = {isa = PBXFileReference; lastKnownFileType = sourcecode.c.h; path = AppDelegate.h; sourceTree = "<group>"; };
		8BECD8EA1FE3582900A7D1CF /* AppDelegate.m */ = {isa = PBXFileReference; lastKnownFileType = sourcecode.c.objc; path = AppDelegate.m; sourceTree = "<group>"; };
		8BECD8F21FE3582900A7D1CF /* Assets.xcassets */ = {isa = PBXFileReference; lastKnownFileType = folder.assetcatalog; path = Assets.xcassets; sourceTree = "<group>"; };
		8BECD8F71FE3582900A7D1CF /* Info.plist */ = {isa = PBXFileReference; lastKnownFileType = text.plist.xml; path = Info.plist; sourceTree = "<group>"; };
		8BECD8F81FE3582900A7D1CF /* main.m */ = {isa = PBXFileReference; lastKnownFileType = sourcecode.c.objc; path = main.m; sourceTree = "<group>"; };
		B7E8A3BAB2CE53546328BFAC /* Pods_whatsThis.framework */ = {isa = PBXFileReference; explicitFileType = wrapper.framework; includeInIndex = 0; path = Pods_whatsThis.framework; sourceTree = BUILT_PRODUCTS_DIR; };
/* End PBXFileReference section */

/* Begin PBXFrameworksBuildPhase section */
		8BECD8E31FE3582800A7D1CF /* Frameworks */ = {
			isa = PBXFrameworksBuildPhase;
			buildActionMask = 2147483647;
			files = (
				236A098EC674142446F46703 /* Pods_whatsThis.framework in Frameworks */,
			);
			runOnlyForDeploymentPostprocessing = 0;
		};
/* End PBXFrameworksBuildPhase section */

/* Begin PBXGroup section */
		266101DAC7521529C5DA8346 /* Pods */ = {
			isa = PBXGroup;
			children = (
				13A3E397A2B8811C51B1CA0E /* Pods-whatsThis.debug.xcconfig */,
				13161A5F752070EA717623A3 /* Pods-whatsThis.release.xcconfig */,
			);
			name = Pods;
			sourceTree = "<group>";
		};
		78CB529B0707EA42EA6D5C78 /* Frameworks */ = {
			isa = PBXGroup;
			children = (
				B7E8A3BAB2CE53546328BFAC /* Pods_whatsThis.framework */,
			);
			name = Frameworks;
			sourceTree = "<group>";
		};
		8B84062A1FF372C900AB6F3D /* 主页面 */ = {
			isa = PBXGroup;
			children = (
				8B84062B1FF372E900AB6F3D /* ViewController */,
			);
			path = "主页面";
			sourceTree = "<group>";
		};
		8B84062B1FF372E900AB6F3D /* ViewController */ = {
			isa = PBXGroup;
			children = (
				8B84062C1FF372F300AB6F3D /* MainViewController.h */,
				8B84062D1FF372F300AB6F3D /* MainViewController.m */,
			);
			path = ViewController;
			sourceTree = "<group>";
		};
		8B84062F1FF3737F00AB6F3D /* Base */ = {
			isa = PBXGroup;
			children = (
				8B8406301FF3738C00AB6F3D /* BaseViewController.h */,
				8B8406311FF3738C00AB6F3D /* BaseViewController.m */,
			);
			path = Base;
			sourceTree = "<group>";
		};
		8BECD8DD1FE3582800A7D1CF = {
			isa = PBXGroup;
			children = (
				8BECD8E81FE3582800A7D1CF /* whatsThis */,
				8BECD8E71FE3582800A7D1CF /* Products */,
				266101DAC7521529C5DA8346 /* Pods */,
				78CB529B0707EA42EA6D5C78 /* Frameworks */,
			);
			sourceTree = "<group>";
		};
		8BECD8E71FE3582800A7D1CF /* Products */ = {
			isa = PBXGroup;
			children = (
				8BECD8E61FE3582800A7D1CF /* whatsThis.app */,
			);
			name = Products;
			sourceTree = "<group>";
		};
		8BECD8E81FE3582800A7D1CF /* whatsThis */ = {
			isa = PBXGroup;
			children = (
				8B84062F1FF3737F00AB6F3D /* Base */,
				8B84062A1FF372C900AB6F3D /* 主页面 */,
				8BECD8E91FE3582900A7D1CF /* AppDelegate.h */,
				8BECD8EA1FE3582900A7D1CF /* AppDelegate.m */,
				8BECD8F21FE3582900A7D1CF /* Assets.xcassets */,
				8BECD8F71FE3582900A7D1CF /* Info.plist */,
				8BECD8F81FE3582900A7D1CF /* main.m */,
				8B8406331FF374E800AB6F3D /* whatsThis.pch */,
			);
			path = whatsThis;
			sourceTree = "<group>";
		};
/* End PBXGroup section */

/* Begin PBXNativeTarget section */
		8BECD8E51FE3582800A7D1CF /* whatsThis */ = {
			isa = PBXNativeTarget;
			buildConfigurationList = 8BECD8FC1FE3582900A7D1CF /* Build configuration list for PBXNativeTarget "whatsThis" */;
			buildPhases = (
				A1EA1B868B90F43D31AA2C70 /* [CP] Check Pods Manifest.lock */,
				8BECD8E21FE3582800A7D1CF /* Sources */,
				8BECD8E31FE3582800A7D1CF /* Frameworks */,
				8BECD8E41FE3582800A7D1CF /* Resources */,
				95C6D2369B8E3583E9754EC9 /* [CP] Embed Pods Frameworks */,
				F0D29A73E9B43FE43464A2EE /* [CP] Copy Pods Resources */,
			);
			buildRules = (
			);
			dependencies = (
			);
			name = whatsThis;
			productName = whatsThis;
			productReference = 8BECD8E61FE3582800A7D1CF /* whatsThis.app */;
			productType = "com.apple.product-type.application";
		};
/* End PBXNativeTarget section */

/* Begin PBXProject section */
		8BECD8DE1FE3582800A7D1CF /* Project object */ = {
			isa = PBXProject;
			attributes = {
				LastUpgradeCheck = 0910;
				ORGANIZATIONNAME = "翟宇";
				TargetAttributes = {
					8BECD8E51FE3582800A7D1CF = {
						CreatedOnToolsVersion = 9.1;
						ProvisioningStyle = Automatic;
					};
				};
			};
			buildConfigurationList = 8BECD8E11FE3582800A7D1CF /* Build configuration list for PBXProject "whatsThis" */;
			compatibilityVersion = "Xcode 8.0";
			developmentRegion = en;
			hasScannedForEncodings = 0;
			knownRegions = (
				en,
				Base,
			);
			mainGroup = 8BECD8DD1FE3582800A7D1CF;
			productRefGroup = 8BECD8E71FE3582800A7D1CF /* Products */;
			projectDirPath = "";
			projectRoot = "";
			targets = (
				8BECD8E51FE3582800A7D1CF /* whatsThis */,
			);
		};
/* End PBXProject section */

/* Begin PBXResourcesBuildPhase section */
		8BECD8E41FE3582800A7D1CF /* Resources */ = {
			isa = PBXResourcesBuildPhase;
			buildActionMask = 2147483647;
			files = (
				8BECD8F31FE3582900A7D1CF /* Assets.xcassets in Resources */,
			);
			runOnlyForDeploymentPostprocessing = 0;
		};
/* End PBXResourcesBuildPhase section */

/* Begin PBXShellScriptBuildPhase section */
		95C6D2369B8E3583E9754EC9 /* [CP] Embed Pods Frameworks */ = {
			isa = PBXShellScriptBuildPhase;
			buildActionMask = 2147483647;
			files = (
			);
			inputPaths = (
			);
			name = "[CP] Embed Pods Frameworks";
			outputPaths = (
			);
			runOnlyForDeploymentPostprocessing = 0;
			shellPath = /bin/sh;
			shellScript = "\"${SRCROOT}/Pods/Target Support Files/Pods-whatsThis/Pods-whatsThis-frameworks.sh\"\n";
			showEnvVarsInLog = 0;
		};
		A1EA1B868B90F43D31AA2C70 /* [CP] Check Pods Manifest.lock */ = {
			isa = PBXShellScriptBuildPhase;
			buildActionMask = 2147483647;
			files = (
			);
			inputPaths = (
			);
			name = "[CP] Check Pods Manifest.lock";
			outputPaths = (
			);
			runOnlyForDeploymentPostprocessing = 0;
			shellPath = /bin/sh;
			shellScript = "diff \"${PODS_PODFILE_DIR_PATH}/Podfile.lock\" \"${PODS_ROOT}/Manifest.lock\" > /dev/null\nif [ $? != 0 ] ; then\n    # print error to STDERR\n    echo \"error: The sandbox is not in sync with the Podfile.lock. Run 'pod install' or update your CocoaPods installation.\" >&2\n    exit 1\nfi\n";
			showEnvVarsInLog = 0;
		};
		F0D29A73E9B43FE43464A2EE /* [CP] Copy Pods Resources */ = {
			isa = PBXShellScriptBuildPhase;
			buildActionMask = 2147483647;
			files = (
			);
			inputPaths = (
			);
			name = "[CP] Copy Pods Resources";
			outputPaths = (
			);
			runOnlyForDeploymentPostprocessing = 0;
			shellPath = /bin/sh;
			shellScript = "\"${SRCROOT}/Pods/Target Support Files/Pods-whatsThis/Pods-whatsThis-resources.sh\"\n";
			showEnvVarsInLog = 0;
		};
/* End PBXShellScriptBuildPhase section */

/* Begin PBXSourcesBuildPhase section */
		8BECD8E21FE3582800A7D1CF /* Sources */ = {
			isa = PBXSourcesBuildPhase;
			buildActionMask = 2147483647;
			files = (
				8BECD8F91FE3582900A7D1CF /* main.m in Sources */,
				8B8406321FF3738C00AB6F3D /* BaseViewController.m in Sources */,
				8BECD8EB1FE3582900A7D1CF /* AppDelegate.m in Sources */,
				8B84062E1FF372F300AB6F3D /* MainViewController.m in Sources */,
			);
			runOnlyForDeploymentPostprocessing = 0;
		};
/* End PBXSourcesBuildPhase section */

/* Begin XCBuildConfiguration section */
		8BECD8FA1FE3582900A7D1CF /* Debug */ = {
			isa = XCBuildConfiguration;
			buildSettings = {
				ALWAYS_SEARCH_USER_PATHS = NO;
				CLANG_ANALYZER_NONNULL = YES;
				CLANG_ANALYZER_NUMBER_OBJECT_CONVERSION = YES_AGGRESSIVE;
				CLANG_CXX_LANGUAGE_STANDARD = "gnu++14";
				CLANG_CXX_LIBRARY = "libc++";
				CLANG_ENABLE_MODULES = YES;
				CLANG_ENABLE_OBJC_ARC = YES;
				CLANG_WARN_BLOCK_CAPTURE_AUTORELEASING = YES;
				CLANG_WARN_BOOL_CONVERSION = YES;
				CLANG_WARN_COMMA = YES;
				CLANG_WARN_CONSTANT_CONVERSION = YES;
				CLANG_WARN_DIRECT_OBJC_ISA_USAGE = YES_ERROR;
				CLANG_WARN_DOCUMENTATION_COMMENTS = YES;
				CLANG_WARN_EMPTY_BODY = YES;
				CLANG_WARN_ENUM_CONVERSION = YES;
				CLANG_WARN_INFINITE_RECURSION = YES;
				CLANG_WARN_INT_CONVERSION = YES;
				CLANG_WARN_NON_LITERAL_NULL_CONVERSION = YES;
				CLANG_WARN_OBJC_LITERAL_CONVERSION = YES;
				CLANG_WARN_OBJC_ROOT_CLASS = YES_ERROR;
				CLANG_WARN_RANGE_LOOP_ANALYSIS = YES;
				CLANG_WARN_STRICT_PROTOTYPES = YES;
				CLANG_WARN_SUSPICIOUS_MOVE = YES;
				CLANG_WARN_UNGUARDED_AVAILABILITY = YES_AGGRESSIVE;
				CLANG_WARN_UNREACHABLE_CODE = YES;
				CLANG_WARN__DUPLICATE_METHOD_MATCH = YES;
				CODE_SIGN_IDENTITY = "iPhone Developer";
				COPY_PHASE_STRIP = NO;
				DEBUG_INFORMATION_FORMAT = dwarf;
				ENABLE_STRICT_OBJC_MSGSEND = YES;
				ENABLE_TESTABILITY = YES;
				GCC_C_LANGUAGE_STANDARD = gnu11;
				GCC_DYNAMIC_NO_PIC = NO;
				GCC_NO_COMMON_BLOCKS = YES;
				GCC_OPTIMIZATION_LEVEL = 0;
				GCC_PREPROCESSOR_DEFINITIONS = (
					"DEBUG=1",
					"$(inherited)",
				);
				GCC_WARN_64_TO_32_BIT_CONVERSION = YES;
				GCC_WARN_ABOUT_RETURN_TYPE = YES_ERROR;
				GCC_WARN_UNDECLARED_SELECTOR = YES;
				GCC_WARN_UNINITIALIZED_AUTOS = YES_AGGRESSIVE;
				GCC_WARN_UNUSED_FUNCTION = YES;
				GCC_WARN_UNUSED_VARIABLE = YES;
				IPHONEOS_DEPLOYMENT_TARGET = 11.1;
				MTL_ENABLE_DEBUG_INFO = YES;
				ONLY_ACTIVE_ARCH = YES;
				SDKROOT = iphoneos;
			};
			name = Debug;
		};
		8BECD8FB1FE3582900A7D1CF /* Release */ = {
			isa = XCBuildConfiguration;
			buildSettings = {
				ALWAYS_SEARCH_USER_PATHS = NO;
				CLANG_ANALYZER_NONNULL = YES;
				CLANG_ANALYZER_NUMBER_OBJECT_CONVERSION = YES_AGGRESSIVE;
				CLANG_CXX_LANGUAGE_STANDARD = "gnu++14";
				CLANG_CXX_LIBRARY = "libc++";
				CLANG_ENABLE_MODULES = YES;
				CLANG_ENABLE_OBJC_ARC = YES;
				CLANG_WARN_BLOCK_CAPTURE_AUTORELEASING = YES;
				CLANG_WARN_BOOL_CONVERSION = YES;
				CLANG_WARN_COMMA = YES;
				CLANG_WARN_CONSTANT_CONVERSION = YES;
				CLANG_WARN_DIRECT_OBJC_ISA_USAGE = YES_ERROR;
				CLANG_WARN_DOCUMENTATION_COMMENTS = YES;
				CLANG_WARN_EMPTY_BODY = YES;
				CLANG_WARN_ENUM_CONVERSION = YES;
				CLANG_WARN_INFINITE_RECURSION = YES;
				CLANG_WARN_INT_CONVERSION = YES;
				CLANG_WARN_NON_LITERAL_NULL_CONVERSION = YES;
				CLANG_WARN_OBJC_LITERAL_CONVERSION = YES;
				CLANG_WARN_OBJC_ROOT_CLASS = YES_ERROR;
				CLANG_WARN_RANGE_LOOP_ANALYSIS = YES;
				CLANG_WARN_STRICT_PROTOTYPES = YES;
				CLANG_WARN_SUSPICIOUS_MOVE = YES;
				CLANG_WARN_UNGUARDED_AVAILABILITY = YES_AGGRESSIVE;
				CLANG_WARN_UNREACHABLE_CODE = YES;
				CLANG_WARN__DUPLICATE_METHOD_MATCH = YES;
				CODE_SIGN_IDENTITY = "iPhone Developer";
				COPY_PHASE_STRIP = NO;
				DEBUG_INFORMATION_FORMAT = "dwarf-with-dsym";
				ENABLE_NS_ASSERTIONS = NO;
				ENABLE_STRICT_OBJC_MSGSEND = YES;
				GCC_C_LANGUAGE_STANDARD = gnu11;
				GCC_NO_COMMON_BLOCKS = YES;
				GCC_WARN_64_TO_32_BIT_CONVERSION = YES;
				GCC_WARN_ABOUT_RETURN_TYPE = YES_ERROR;
				GCC_WARN_UNDECLARED_SELECTOR = YES;
				GCC_WARN_UNINITIALIZED_AUTOS = YES_AGGRESSIVE;
				GCC_WARN_UNUSED_FUNCTION = YES;
				GCC_WARN_UNUSED_VARIABLE = YES;
				IPHONEOS_DEPLOYMENT_TARGET = 11.1;
				MTL_ENABLE_DEBUG_INFO = NO;
				SDKROOT = iphoneos;
				VALIDATE_PRODUCT = YES;
			};
			name = Release;
		};
		8BECD8FD1FE3582900A7D1CF /* Debug */ = {
			isa = XCBuildConfiguration;
			baseConfigurationReference = 13A3E397A2B8811C51B1CA0E /* Pods-whatsThis.debug.xcconfig */;
			buildSettings = {
				ASSETCATALOG_COMPILER_APPICON_NAME = AppIcon;
				ASSETCATALOG_COMPILER_LAUNCHIMAGE_NAME = LaunchImage;
				CODE_SIGN_STYLE = Automatic;
				DEVELOPMENT_TEAM = 7Y3BCD52DD;
				GCC_PREFIX_HEADER = "$(SRCROOT)/whatsThis/whatsThis.pch";
				INFOPLIST_FILE = whatsThis/Info.plist;
				IPHONEOS_DEPLOYMENT_TARGET = 8.0;
				LD_RUNPATH_SEARCH_PATHS = "$(inherited) @executable_path/Frameworks";
				PRODUCT_BUNDLE_IDENTIFIER = com.zhaiyu.reloading.whatsThis;
				PRODUCT_NAME = "$(TARGET_NAME)";
				TARGETED_DEVICE_FAMILY = 1;
			};
			name = Debug;
		};
		8BECD8FE1FE3582900A7D1CF /* Release */ = {
			isa = XCBuildConfiguration;
			baseConfigurationReference = 13161A5F752070EA717623A3 /* Pods-whatsThis.release.xcconfig */;
			buildSettings = {
				ASSETCATALOG_COMPILER_APPICON_NAME = AppIcon;
				ASSETCATALOG_COMPILER_LAUNCHIMAGE_NAME = LaunchImage;
				CODE_SIGN_STYLE = Automatic;
				DEVELOPMENT_TEAM = 7Y3BCD52DD;
				GCC_PREFIX_HEADER = "$(SRCROOT)/whatsThis/whatsThis.pch";
				INFOPLIST_FILE = whatsThis/Info.plist;
				IPHONEOS_DEPLOYMENT_TARGET = 8.0;
				LD_RUNPATH_SEARCH_PATHS = "$(inherited) @executable_path/Frameworks";
				PRODUCT_BUNDLE_IDENTIFIER = com.zhaiyu.reloading.whatsThis;
				PRODUCT_NAME = "$(TARGET_NAME)";
				TARGETED_DEVICE_FAMILY = 1;
			};
			name = Release;
		};
/* End XCBuildConfiguration section */

/* Begin XCConfigurationList section */
		8BECD8E11FE3582800A7D1CF /* Build configuration list for PBXProject "whatsThis" */ = {
			isa = XCConfigurationList;
			buildConfigurations = (
				8BECD8FA1FE3582900A7D1CF /* Debug */,
				8BECD8FB1FE3582900A7D1CF /* Release */,
			);
			defaultConfigurationIsVisible = 0;
			defaultConfigurationName = Release;
		};
		8BECD8FC1FE3582900A7D1CF /* Build configuration list for PBXNativeTarget "whatsThis" */ = {
			isa = XCConfigurationList;
			buildConfigurations = (
				8BECD8FD1FE3582900A7D1CF /* Debug */,
				8BECD8FE1FE3582900A7D1CF /* Release */,
			);
			defaultConfigurationIsVisible = 0;
			defaultConfigurationName = Release;
		};
/* End XCConfigurationList section */
	};
	rootObject = 8BECD8DE1FE3582800A7D1CF /* Project object */;
}
